
Microsoft Visual Studio Solution File, Format Version 12.00
# Visual Studio Version 17
VisualStudioVersion = 17.5.33530.505
MinimumVisualStudioVersion = 10.0.40219.1
Project("{9A19103F-16F7-4668-BE54-9A1E7A4F7556}") = "SecuredConfig.Core", "src\SecuredConfig.Core\SecuredConfig.Core.csproj", "{C102133E-D610-450E-B38D-6CC1D13702E7}"
EndProject
Project("{2150E333-8FDC-42A3-9474-1A3956D46DE8}") = "src", "src", "{F23DEFE6-8D69-4859-8FE5-A6EC8256CB02}"
EndProject
Project("{2150E333-8FDC-42A3-9474-1A3956D46DE8}") = "tests", "tests", "{A689D0AF-EAC6-4A75-A9A6-1FB36B2404EB}"
EndProject
Project("{9A19103F-16F7-4668-BE54-9A1E7A4F7556}") = "SecuredConfig.Core.Tests", "tests\SecuredConfig.Core.Tests\SecuredConfig.Core.Tests.csproj", "{313DB28A-F966-4A17-8EB7-8495703407A5}"
EndProject
Project("{FAE04EC0-301F-11D3-BF4B-00C04F79EFBC}") = "SecuredConfig.Cli", "src\SecuredConfig.Cli\SecuredConfig.Cli.csproj", "{3C04A567-D931-44AB-B596-61241ECD62E3}"
EndProject
Global
	GlobalSection(SolutionConfigurationPlatforms) = preSolution
		Debug|Any CPU = Debug|Any CPU
		Release|Any CPU = Release|Any CPU
	EndGlobalSection
	GlobalSection(ProjectConfigurationPlatforms) = postSolution
		{C102133E-D610-450E-B38D-6CC1D13702E7}.Debug|Any CPU.ActiveCfg = Debug|Any CPU
		{C102133E-D610-450E-B38D-6CC1D13702E7}.Debug|Any CPU.Build.0 = Debug|Any CPU
		{C102133E-D610-450E-B38D-6CC1D13702E7}.Release|Any CPU.ActiveCfg = Release|Any CPU
		{C102133E-D610-450E-B38D-6CC1D13702E7}.Release|Any CPU.Build.0 = Release|Any CPU
		{313DB28A-F966-4A17-8EB7-8495703407A5}.Debug|Any CPU.ActiveCfg = Debug|Any CPU
		{313DB28A-F966-4A17-8EB7-8495703407A5}.Debug|Any CPU.Build.0 = Debug|Any CPU
		{313DB28A-F966-4A17-8EB7-8495703407A5}.Release|Any CPU.ActiveCfg = Release|Any CPU
		{313DB28A-F966-4A17-8EB7-8495703407A5}.Release|Any CPU.Build.0 = Release|Any CPU
		{3C04A567-D931-44AB-B596-61241ECD62E3}.Debug|Any CPU.ActiveCfg = Debug|Any CPU
		{3C04A567-D931-44AB-B596-61241ECD62E3}.Debug|Any CPU.Build.0 = Debug|Any CPU
		{3C04A567-D931-44AB-B596-61241ECD62E3}.Release|Any CPU.ActiveCfg = Release|Any CPU
		{3C04A567-D931-44AB-B596-61241ECD62E3}.Release|Any CPU.Build.0 = Release|Any CPU
	EndGlobalSection
	GlobalSection(SolutionProperties) = preSolution
		HideSolutionNode = FALSE
	EndGlobalSection
	GlobalSection(NestedProjects) = preSolution
		{C102133E-D610-450E-B38D-6CC1D13702E7} = {F23DEFE6-8D69-4859-8FE5-A6EC8256CB02}
		{313DB28A-F966-4A17-8EB7-8495703407A5} = {A689D0AF-EAC6-4A75-A9A6-1FB36B2404EB}
		{3C04A567-D931-44AB-B596-61241ECD62E3} = {F23DEFE6-8D69-4859-8FE5-A6EC8256CB02}
	EndGlobalSection
	GlobalSection(ExtensibilityGlobals) = postSolution
		SolutionGuid = {66EC473D-6BEA-410F-AA50-60A4664AAAD2}
	EndGlobalSection
EndGlobal
